dependencies:
- name: postgresql
  repository: https://kubernetes-charts.storage.googleapis.com
  version: 6.5.0
- name: redis
  repository: https://kubernetes-charts.storage.googleapis.com
  version: 9.4.3
digest: sha256:18dea218d4c6460be6a3b7b203d6668650e1a9dfe42a4859ccdd7f5ebc6b9038
generated: "2020-05-12T14:21:00.129069+01:00"
